
Microsoft Visual Studio Solution File, Format Version 12.00
# Visual Studio Version 16
VisualStudioVersion = 25.0.1703.1
MinimumVisualStudioVersion = 10.0.40219.1
Project("{FAE04EC0-301F-11D3-BF4B-00C04F79EFBC}") = "test_101.Android", "test_101\test_101.Android\test_101.Android.csproj", "{78C24288-1C5F-456E-BAC8-721E705C558A}"
EndProject
Project("{FAE04EC0-301F-11D3-BF4B-00C04F79EFBC}") = "test_101.iOS", "test_101\test_101.iOS\test_101.iOS.csproj", "{7971C5C3-7B25-4F07-8FD1-45447570CF9D}"
EndProject
Project("{FAE04EC0-301F-11D3-BF4B-00C04F79EFBC}") = "test_101", "test_101\test_101\test_101.csproj", "{2F6B18DF-2ABE-4490-94E5-9366538198AC}"
EndProject
Global
	GlobalSection(SolutionConfigurationPlatforms) = preSolution
		Debug|Any CPU = Debug|Any CPU
		Release|Any CPU = Release|Any CPU
		Debug|iPhoneSimulator = Debug|iPhoneSimulator
		Release|iPhoneSimulator = Release|iPhoneSimulator
		Debug|iPhone = Debug|iPhone
		Release|iPhone = Release|iPhone
	EndGlobalSection
	GlobalSection(ProjectConfigurationPlatforms) = postSolution
		{78C24288-1C5F-456E-BAC8-721E705C558A}.Debug|Any CPU.ActiveCfg = Debug|Any CPU
		{78C24288-1C5F-456E-BAC8-721E705C558A}.Debug|Any CPU.Build.0 = Debug|Any CPU
		{78C24288-1C5F-456E-BAC8-721E705C558A}.Release|Any CPU.ActiveCfg = Release|Any CPU
		{78C24288-1C5F-456E-BAC8-721E705C558A}.Release|Any CPU.Build.0 = Release|Any CPU
		{78C24288-1C5F-456E-BAC8-721E705C558A}.Debug|iPhoneSimulator.ActiveCfg = Debug|Any CPU
		{78C24288-1C5F-456E-BAC8-721E705C558A}.Debug|iPhoneSimulator.Build.0 = Debug|Any CPU
		{78C24288-1C5F-456E-BAC8-721E705C558A}.Release|iPhoneSimulator.ActiveCfg = Release|Any CPU
		{78C24288-1C5F-456E-BAC8-721E705C558A}.Release|iPhoneSimulator.Build.0 = Release|Any CPU
		{78C24288-1C5F-456E-BAC8-721E705C558A}.Debug|iPhone.ActiveCfg = Debug|Any CPU
		{78C24288-1C5F-456E-BAC8-721E705C558A}.Debug|iPhone.Build.0 = Debug|Any CPU
		{78C24288-1C5F-456E-BAC8-721E705C558A}.Release|iPhone.ActiveCfg = Release|Any CPU
		{78C24288-1C5F-456E-BAC8-721E705C558A}.Release|iPhone.Build.0 = Release|Any CPU
		{7971C5C3-7B25-4F07-8FD1-45447570CF9D}.Debug|Any CPU.ActiveCfg = Debug|iPhoneSimulator
		{7971C5C3-7B25-4F07-8FD1-45447570CF9D}.Debug|Any CPU.Build.0 = Debug|iPhoneSimulator
		{7971C5C3-7B25-4F07-8FD1-45447570CF9D}.Release|Any CPU.ActiveCfg = Release|iPhoneSimulator
		{7971C5C3-7B25-4F07-8FD1-45447570CF9D}.Release|Any CPU.Build.0 = Release|iPhoneSimulator
		{7971C5C3-7B25-4F07-8FD1-45447570CF9D}.Debug|iPhoneSimulator.ActiveCfg = Debug|iPhoneSimulator
		{7971C5C3-7B25-4F07-8FD1-45447570CF9D}.Debug|iPhoneSimulator.Build.0 = Debug|iPhoneSimulator
		{7971C5C3-7B25-4F07-8FD1-45447570CF9D}.Release|iPhoneSimulator.ActiveCfg = Release|iPhoneSimulator
		{7971C5C3-7B25-4F07-8FD1-45447570CF9D}.Release|iPhoneSimulator.Build.0 = Release|iPhoneSimulator
		{7971C5C3-7B25-4F07-8FD1-45447570CF9D}.Debug|iPhone.ActiveCfg = Debug|iPhone
		{7971C5C3-7B25-4F07-8FD1-45447570CF9D}.Debug|iPhone.Build.0 = Debug|iPhone
		{7971C5C3-7B25-4F07-8FD1-45447570CF9D}.Release|iPhone.ActiveCfg = Release|iPhone
		{7971C5C3-7B25-4F07-8FD1-45447570CF9D}.Release|iPhone.Build.0 = Release|iPhone
		{2F6B18DF-2ABE-4490-94E5-9366538198AC}.Debug|Any CPU.ActiveCfg = Debug|Any CPU
		{2F6B18DF-2ABE-4490-94E5-9366538198AC}.Debug|Any CPU.Build.0 = Debug|Any CPU
		{2F6B18DF-2ABE-4490-94E5-9366538198AC}.Release|Any CPU.ActiveCfg = Release|Any CPU
		{2F6B18DF-2ABE-4490-94E5-9366538198AC}.Release|Any CPU.Build.0 = Release|Any CPU
		{2F6B18DF-2ABE-4490-94E5-9366538198AC}.Debug|iPhoneSimulator.ActiveCfg = Debug|Any CPU
		{2F6B18DF-2ABE-4490-94E5-9366538198AC}.Debug|iPhoneSimulator.Build.0 = Debug|Any CPU
		{2F6B18DF-2ABE-4490-94E5-9366538198AC}.Release|iPhoneSimulator.ActiveCfg = Release|Any CPU
		{2F6B18DF-2ABE-4490-94E5-9366538198AC}.Release|iPhoneSimulator.Build.0 = Release|Any CPU
		{2F6B18DF-2ABE-4490-94E5-9366538198AC}.Debug|iPhone.ActiveCfg = Debug|Any CPU
		{2F6B18DF-2ABE-4490-94E5-9366538198AC}.Debug|iPhone.Build.0 = Debug|Any CPU
		{2F6B18DF-2ABE-4490-94E5-9366538198AC}.Release|iPhone.ActiveCfg = Release|Any CPU
		{2F6B18DF-2ABE-4490-94E5-9366538198AC}.Release|iPhone.Build.0 = Release|Any CPU
	EndGlobalSection
	GlobalSection(SolutionProperties) = preSolution
		HideSolutionNode = FALSE
	EndGlobalSection
	GlobalSection(ExtensibilityGlobals) = postSolution
		SolutionGuid = {25CA6B31-7B18-477C-82FD-2F0DF5339264}
	EndGlobalSection
EndGlobal
